
Microsoft Visual Studio Solution File, Format Version 12.00
# Visual Studio 15
VisualStudioVersion = 15.0.26730.15
MinimumVisualStudioVersion = 10.0.40219.1
Project("{2150E333-8FDC-42A3-9474-1A3956D46DE8}") = "Solution Items", "Solution Items", "{226135FB-A052-4260-9FD3-7BB9CF1D8BE1}"
	ProjectSection(SolutionItems) = preProject
		README.md = README.md
	EndProjectSection
EndProject
Project("{FAE04EC0-301F-11D3-BF4B-00C04F79EFBC}") = "SBE.Core", "SBE.Core\SBE.Core.csproj", "{19F3BAB8-247B-47ED-9E13-FB43164E609A}"
EndProject
Project("{FAE04EC0-301F-11D3-BF4B-00C04F79EFBC}") = "SBE._NUnit", "SBE._NUnit\SBE._NUnit.csproj", "{E68F658A-1051-4DBA-8322-76B55CB22FA5}"
EndProject
Project("{FAE04EC0-301F-11D3-BF4B-00C04F79EFBC}") = "SBE._NUnit.Tests", "SBE._NUnit.Tests\SBE._NUnit.Tests.csproj", "{5D6B6711-4D1F-479A-B7E7-4AEDD938F33A}"
EndProject
Global
	GlobalSection(SolutionConfigurationPlatforms) = preSolution
		Debug|Any CPU = Debug|Any CPU
		Release|Any CPU = Release|Any CPU
	EndGlobalSection
	GlobalSection(ProjectConfigurationPlatforms) = postSolution
		{19F3BAB8-247B-47ED-9E13-FB43164E609A}.Debug|Any CPU.ActiveCfg = Debug|Any CPU
		{19F3BAB8-247B-47ED-9E13-FB43164E609A}.Debug|Any CPU.Build.0 = Debug|Any CPU
		{19F3BAB8-247B-47ED-9E13-FB43164E609A}.Release|Any CPU.ActiveCfg = Release|Any CPU
		{19F3BAB8-247B-47ED-9E13-FB43164E609A}.Release|Any CPU.Build.0 = Release|Any CPU
		{E68F658A-1051-4DBA-8322-76B55CB22FA5}.Debug|Any CPU.ActiveCfg = Debug|Any CPU
		{E68F658A-1051-4DBA-8322-76B55CB22FA5}.Debug|Any CPU.Build.0 = Debug|Any CPU
		{E68F658A-1051-4DBA-8322-76B55CB22FA5}.Release|Any CPU.ActiveCfg = Release|Any CPU
		{E68F658A-1051-4DBA-8322-76B55CB22FA5}.Release|Any CPU.Build.0 = Release|Any CPU
		{5D6B6711-4D1F-479A-B7E7-4AEDD938F33A}.Debug|Any CPU.ActiveCfg = Debug|Any CPU
		{5D6B6711-4D1F-479A-B7E7-4AEDD938F33A}.Debug|Any CPU.Build.0 = Debug|Any CPU
		{5D6B6711-4D1F-479A-B7E7-4AEDD938F33A}.Release|Any CPU.ActiveCfg = Release|Any CPU
		{5D6B6711-4D1F-479A-B7E7-4AEDD938F33A}.Release|Any CPU.Build.0 = Release|Any CPU
	EndGlobalSection
	GlobalSection(SolutionProperties) = preSolution
		HideSolutionNode = FALSE
	EndGlobalSection
	GlobalSection(ExtensibilityGlobals) = postSolution
		SolutionGuid = {00801F32-655B-4DD9-A728-D4976B97D7F6}
	EndGlobalSection
EndGlobal
